
Microsoft Visual Studio Solution File, Format Version 12.00
# Visual Studio 14
VisualStudioVersion = 14.0.25420.1
MinimumVisualStudioVersion = 10.0.40219.1
Project("{FAE04EC0-301F-11D3-BF4B-00C04F79EFBC}") = "MyWebAlbum", "MyWebAlbum\MyWebAlbum.csproj", "{D8F50213-CC65-4429-A685-F9B36FFC2925}"
EndProject
Project("{FAE04EC0-301F-11D3-BF4B-00C04F79EFBC}") = "MyWebAlbum.Tests", "MyWebAlbum.Tests\MyWebAlbum.Tests.csproj", "{89A73C07-C3EB-4F13-9C75-6DB5E7B56703}"
EndProject
Global
	GlobalSection(SolutionConfigurationPlatforms) = preSolution
		Debug|Any CPU = Debug|Any CPU
		Release|Any CPU = Release|Any CPU
	EndGlobalSection
	GlobalSection(ProjectConfigurationPlatforms) = postSolution
		{D8F50213-CC65-4429-A685-F9B36FFC2925}.Debug|Any CPU.ActiveCfg = Debug|Any CPU
		{D8F50213-CC65-4429-A685-F9B36FFC2925}.Debug|Any CPU.Build.0 = Debug|Any CPU
		{D8F50213-CC65-4429-A685-F9B36FFC2925}.Release|Any CPU.ActiveCfg = Release|Any CPU
		{D8F50213-CC65-4429-A685-F9B36FFC2925}.Release|Any CPU.Build.0 = Release|Any CPU
		{89A73C07-C3EB-4F13-9C75-6DB5E7B56703}.Debug|Any CPU.ActiveCfg = Debug|Any CPU
		{89A73C07-C3EB-4F13-9C75-6DB5E7B56703}.Debug|Any CPU.Build.0 = Debug|Any CPU
		{89A73C07-C3EB-4F13-9C75-6DB5E7B56703}.Release|Any CPU.ActiveCfg = Release|Any CPU
		{89A73C07-C3EB-4F13-9C75-6DB5E7B56703}.Release|Any CPU.Build.0 = Release|Any CPU
	EndGlobalSection
	GlobalSection(SolutionProperties) = preSolution
		HideSolutionNode = FALSE
	EndGlobalSection
EndGlobal
